
Microsoft Visual Studio Solution File, Format Version 12.00
# Visual Studio 15
VisualStudioVersion = 15.0.28307.136
MinimumVisualStudioVersion = 10.0.40219.1
Project("{FAE04EC0-301F-11D3-BF4B-00C04F79EFBC}") = "SendingApp", "SendingApp\SendingApp.csproj", "{75EE62F1-AE1A-42D2-9F3C-A19686B8BB1F}"
EndProject
Project("{FAE04EC0-301F-11D3-BF4B-00C04F79EFBC}") = "ReceivingApp", "ReceivingApp\ReceivingApp.csproj", "{97AE1F13-7D47-404E-B9C8-5C09E1C0244F}"
EndProject
Global
	GlobalSection(SolutionConfigurationPlatforms) = preSolution
		Debug|Any CPU = Debug|Any CPU
		Release|Any CPU = Release|Any CPU
	EndGlobalSection
	GlobalSection(ProjectConfigurationPlatforms) = postSolution
		{75EE62F1-AE1A-42D2-9F3C-A19686B8BB1F}.Debug|Any CPU.ActiveCfg = Debug|Any CPU
		{75EE62F1-AE1A-42D2-9F3C-A19686B8BB1F}.Debug|Any CPU.Build.0 = Debug|Any CPU
		{75EE62F1-AE1A-42D2-9F3C-A19686B8BB1F}.Release|Any CPU.ActiveCfg = Release|Any CPU
		{75EE62F1-AE1A-42D2-9F3C-A19686B8BB1F}.Release|Any CPU.Build.0 = Release|Any CPU
		{97AE1F13-7D47-404E-B9C8-5C09E1C0244F}.Debug|Any CPU.ActiveCfg = Debug|Any CPU
		{97AE1F13-7D47-404E-B9C8-5C09E1C0244F}.Debug|Any CPU.Build.0 = Debug|Any CPU
		{97AE1F13-7D47-404E-B9C8-5C09E1C0244F}.Release|Any CPU.ActiveCfg = Release|Any CPU
		{97AE1F13-7D47-404E-B9C8-5C09E1C0244F}.Release|Any CPU.Build.0 = Release|Any CPU
	EndGlobalSection
	GlobalSection(SolutionProperties) = preSolution
		HideSolutionNode = FALSE
	EndGlobalSection
	GlobalSection(ExtensibilityGlobals) = postSolution
		SolutionGuid = {A45F62D4-47A0-471C-A94D-86CC7701B783}
	EndGlobalSection
EndGlobal
